<?xml version="1.0" encoding="UTF-8" standalone="yes" ?>
<CodeBlocks_project_file>
	<FileVersion major="1" minor="6" />
	<Project>
		<Option title="uhook" />
		<Option pch_mode="2" />
		<Option compiler="gcc" />
		<Build>
			<Target title="Debug">
				<Option output="bin\Debug\uhook" prefix_auto="1" extension_auto="1" />
				<Option object_output="obj\Debug\" />
				<Option type="1" />
				<Option compiler="gcc" />
				<Compiler>
					<Add option="-g" />
					<Add directory="include" />
				</Compiler>
			</Target>
		</Build>
		<Compiler>
			<Add option="-Wall" />
		</Compiler>
		<Unit filename="bomb2.c">
			<Option compilerVar="CC" />
		</Unit>
		<Unit filename="bsp.c">
			<Option compilerVar="CC" />
		</Unit>
		<Unit filename="qep\source\qep.c">
			<Option compilerVar="CC" />
		</Unit>
		<Unit filename="qep\source\qep_pkg.h" />
		<Unit filename="qep\source\qfsm_dis.c">
			<Option compilerVar="CC" />
		</Unit>
		<Unit filename="qep\source\qfsm_ini.c">
			<Option compilerVar="CC" />
		</Unit>
		<Unit filename="qep\source\qhsm_dis.c">
			<Option compilerVar="CC" />
		</Unit>
		<Unit filename="qep\source\qhsm_in.c">
			<Option compilerVar="CC" />
		</Unit>
		<Unit filename="qep\source\qhsm_ini.c">
			<Option compilerVar="CC" />
		</Unit>
		<Unit filename="qep\source\qhsm_top.c">
			<Option compilerVar="CC" />
		</Unit>
		<Extensions>
			<code_completion />
			<envvars />
			<debugger />
			<lib_finder disable_auto="1" />
		</Extensions>
	</Project>
</CodeBlocks_project_file>
